version = 1
revision = 2
requires-python = "==3.13.4"

[[package]]
name = "backendcare"
version = "0.1.0"
source = { editable = "." }
dependencies = [
    { name = "libcst" },
]

[package.dev-dependencies]
dev = [
    { name = "pytest" },
]

[package.metadata]
requires-dist = [{ name = "libcst", specifier = "==1.8.1" }]

[package.metadata.requires-dev]
dev = [{ name = "pytest", specifier = "==8.4.0" }]

[[package]]
name = "colorama"
version = "0.4.6"
source = { registry = "https://pypi.org/simple" }
sdist = { url = "https://files.pythonhosted.org/packages/d8/53/6f443c9a4a8358a93a6792e2acffb9d9d5cb0a5cfd8802644b7b1c9a02e4/colorama-0.4.6.tar.gz", hash = "sha256:08695f5cb7ed6e0531a20572697297273c47b8cae5a63ffc6d6ed5c201be6e44", size = 27697, upload-time = "2022-10-25T02:36:22.414Z" }
wheels = [
    { url = "https://files.pythonhosted.org/packages/d1/d6/3965ed04c63042e047cb6a3e6ed1a63a35087b6a609aa3a15ed8ac56c221/colorama-0.4.6-py2.py3-none-any.whl", hash = "sha256:4f1d9991f5acc0ca119f9d443620b77f9d6b33703e51011c16baf57afb285fc6", size = 25335, upload-time = "2022-10-25T02:36:20.889Z" },
]

[[package]]
name = "iniconfig"
version = "2.0.0"
source = { registry = "https://pypi.org/simple" }
sdist = { url = "https://files.pythonhosted.org/packages/d7/4b/cbd8e699e64a6f16ca3a8220661b5f83792b3017d0f79807cb8708d33913/iniconfig-2.0.0.tar.gz", hash = "sha256:2d91e135bf72d31a410b17c16da610a82cb55f6b0477d1a902134b24a455b8b3", size = 4646, upload-time = "2023-01-07T11:08:11.254Z" }
wheels = [
    { url = "https://files.pythonhosted.org/packages/ef/a6/62565a6e1cf69e10f5727360368e451d4b7f58beeac6173dc9db836a5b46/iniconfig-2.0.0-py3-none-any.whl", hash = "sha256:b6a85871a79d2e3b22d2d1b94ac2824226a63c6b741c88f7ae975f18b6778374", size = 5892, upload-time = "2023-01-07T11:08:09.864Z" },
]

[[package]]
name = "libcst"
version = "1.8.1"
source = { registry = "https://pypi.org/simple" }
dependencies = [
    { name = "pyyaml-ft" },
]
sdist = { url = "https://files.pythonhosted.org/packages/d6/10/b4e1bb190078865a6957dbe8e5347f33ad8da96e21e4a65cd49cc4d35965/libcst-1.8.1.tar.gz", hash = "sha256:423427819409a1d905017bbd51062bd0f1e4795c74c2f9f52a6b63dd67c282d2", size = 779211, upload-time = "2025-06-10T16:48:36.189Z" }
wheels = [
    { url = "https://files.pythonhosted.org/packages/64/46/495aa1a73a528b675864de0fc00409cf90f23c827368f59c241e66f9cba4/libcst-1.8.1-cp313-cp313-macosx_10_13_x86_64.whl", hash = "sha256:260e277139f10c087b56b1c7d26fafa9c02c9e53ea993e8ef36b4da5b06dcaaf", size = 2185406, upload-time = "2025-06-10T16:47:44.482Z" },
    { url = "https://files.pythonhosted.org/packages/3d/a0/d41ff315720ad638a776f6c4f937255231a2479b63ddb8df28cd0a4b49aa/libcst-1.8.1-cp313-cp313-macosx_11_0_arm64.whl", hash = "sha256:a0c1fc051a223be5bc1537f2d8a8dfd6f073184362a2ffb2576127c0dd2bd8b8", size = 2073226, upload-time = "2025-06-10T16:47:46.155Z" },
    { url = "https://files.pythonhosted.org/packages/ac/5f/b55aa60ee503e9bfcc57e2a28d432e972612e8b26c5d1f0f3fcaba7cbc2c/libcst-1.8.1-cp313-cp313-manylinux1_i686.manylinux2014_i686.manylinux_2_17_i686.manylinux_2_5_i686.whl", hash = "sha256:484b734df8089ddc85c102482323693ff255cd5fd509703742bd3866a2c0254b", size = 2402332, upload-time = "2025-06-10T16:47:47.644Z" },
    { url = "https://files.pythonhosted.org/packages/6b/54/0660c228d55dd451ccaa74d2810e9053ea8401efd64d35b70d9436063326/libcst-1.8.1-cp313-cp313-manylinux_2_28_aarch64.whl", hash = "sha256:69d4c34b254dfebe00e0bfdee787341a40f351450a451c37d7fa09c2e04dd45b", size = 2220796, upload-time = "2025-06-10T16:47:49.18Z" },
    { url = "https://files.pythonhosted.org/packages/bf/3f/cc31abb0c6c7ec91d9e4cfb32d99b485501e0698742b27d2474363fff9e5/libcst-1.8.1-cp313-cp313-manylinux_2_28_armv7l.manylinux_2_31_armv7l.whl", hash = "sha256:61ddc308e70514d515500a08a25a3d6c877a8a9f5811862ce010c917550a9dfa", size = 2192230, upload-time = "2025-06-10T16:47:50.674Z" },
    { url = "https://files.pythonhosted.org/packages/b3/b4/ca3152cc01beb627d8ec3e56af9104531f85309e4a8fd8332feb7a0da828/libcst-1.8.1-cp313-cp313-manylinux_2_28_x86_64.whl", hash = "sha256:381f2cda8daa7881700cabcb3689c16147e98964ae7be6b3a6e86a87a844f311", size = 2312833, upload-time = "2025-06-10T16:47:52.659Z" },
    { url = "https://files.pythonhosted.org/packages/c8/08/0675e9006990052e53e838376d794ef2a7d0ce8f7bcd51a3a45e9341b1aa/libcst-1.8.1-cp313-cp313-musllinux_1_2_aarch64.whl", hash = "sha256:2f985f311062712a2ebb8b87a261c46182286abfed7125f4f95588e715c13007", size = 2282214, upload-time = "2025-06-10T16:47:54.122Z" },
    { url = "https://files.pythonhosted.org/packages/c3/54/64898ae69ed267ff2ed2e8f1d583370374338cc8b302f8f18db48fee8320/libcst-1.8.1-cp313-cp313-musllinux_1_2_x86_64.whl", hash = "sha256:fd84d29376980b5b8b937bff9d79a08bc5ae1cf7f87218abe8b89837c0553fa0", size = 2391479, upload-time = "2025-06-10T16:47:55.617Z" },
    { url = "https://files.pythonhosted.org/packages/49/c3/8d011a3d8cb3c4b80ed8eef61643760b26b0f88ca494947836a3b918ee6f/libcst-1.8.1-cp313-cp313-win_amd64.whl", hash = "sha256:6ab9b6e583342ce9c59a098b51865f436e641650a1db5b6e9e6fa03ba8fa8801", size = 2095493, upload-time = "2025-06-10T16:47:57.099Z" },
    { url = "https://files.pythonhosted.org/packages/79/b2/a16940d40182ca4b330be692ac0b40778d17d628cc0e23c9cb8e1a6d0d02/libcst-1.8.1-cp313-cp313-win_arm64.whl", hash = "sha256:5f9d5c0154b4a55aca556e0703d4f008b76dea6f574df3bae20533b5da6be05e", size = 1984529, upload-time = "2025-06-10T16:47:58.551Z" },
    { url = "https://files.pythonhosted.org/packages/db/45/30311b4bf8c3ff8980651704d0ff934f7f40d8785cc8df1eace42cade6a9/libcst-1.8.1-cp313-cp313t-macosx_10_13_x86_64.whl", hash = "sha256:e04f1dd7c5c513c6c880e402040848af300dc48a47101de6b3aaff86089f620f", size = 2175136, upload-time = "2025-06-10T16:48:00.07Z" },
    { url = "https://files.pythonhosted.org/packages/18/f1/04403f954d96bc3883abe7ff52aec2153ce425f3e00a9a7458a85c1dd5a3/libcst-1.8.1-cp313-cp313t-macosx_11_0_arm64.whl", hash = "sha256:c7b16f11defcdf4583c8041574937c1a0608b18915d1b215d2eec2d8700cc96a", size = 2064011, upload-time = "2025-06-10T16:48:01.565Z" },
    { url = "https://files.pythonhosted.org/packages/52/8c/35240b0e121c3d678c88ee41c0f6e3bcde6751c1f64e15014957b8b55e84/libcst-1.8.1-cp313-cp313t-manylinux1_i686.manylinux2014_i686.manylinux_2_17_i686.manylinux_2_5_i686.whl", hash = "sha256:de0b2cbd7823a246bd6dae08cff9cf9313f8445ee2dd8d57c0de50b08f655469", size = 2378441, upload-time = "2025-06-10T16:48:03.216Z" },
    { url = "https://files.pythonhosted.org/packages/5f/51/bd894b38a884a20d788e99a0c7e2f71a692c0114b4b1161b4b33329c6d80/libcst-1.8.1-cp313-cp313t-manylinux_2_28_aarch64.whl", hash = "sha256:357098cccd6bc7cbaf101096d4a51d96b8384f51dd017c614d99e15d7a00a452", size = 2208927, upload-time = "2025-06-10T16:48:05.083Z" },
    { url = "https://files.pythonhosted.org/packages/5e/f7/957a490e124eb54025c3b34a8e2a936851ae49f73047fbe8815212c697ea/libcst-1.8.1-cp313-cp313t-manylinux_2_28_armv7l.manylinux_2_31_armv7l.whl", hash = "sha256:2e2573ac24030f359efbc79fad1e59fd7a1fd82682249b095ac7f4db53a92557", size = 2179715, upload-time = "2025-06-10T16:48:07.068Z" },
    { url = "https://files.pythonhosted.org/packages/bc/c0/fafae96e4e1e9f1c7c5e83d5117a3fc8adc47c3d94dd8b653fe3d6c81eb6/libcst-1.8.1-cp313-cp313t-manylinux_2_28_x86_64.whl", hash = "sha256:ae4ba4e86576aef3af0be382f76eb92b8d9a5c5af228f48dac66bc670e3b1206", size = 2302728, upload-time = "2025-06-10T16:48:08.617Z" },
    { url = "https://files.pythonhosted.org/packages/cf/fa/60d99b357dd2ec1599849275da48917b083b7e6d99f593eb8356c256c38d/libcst-1.8.1-cp313-cp313t-musllinux_1_2_aarch64.whl", hash = "sha256:57a2b024830d9fe65ef17a3456efc75f70ddc5a76842a98ff45f3710b2f14aa8", size = 2271015, upload-time = "2025-06-10T16:48:10.11Z" },
    { url = "https://files.pythonhosted.org/packages/56/0c/bc39ca37536335162ba81294ef968994b2571b30992df0699218397e3ca3/libcst-1.8.1-cp313-cp313t-musllinux_1_2_x86_64.whl", hash = "sha256:ce501720337f386ac14b8ad845dcd751ac1d090f9a43854fe321a4500014ed4e", size = 2382498, upload-time = "2025-06-10T16:48:11.608Z" },
    { url = "https://files.pythonhosted.org/packages/3b/d7/bd4f4ec17d3a17c34f8a3426ee57b43448e50b3ecaadbc58a237d8075f19/libcst-1.8.1-cp313-cp313t-win_amd64.whl", hash = "sha256:cceca837ec5e53d0c6e70be079362b896dfca69bdb732ff696b1bf768de7b4ca", size = 2084192, upload-time = "2025-06-10T16:48:13.175Z" },
    { url = "https://files.pythonhosted.org/packages/80/00/3e85ca329542af74112f1a10899a380191547eb8f0cfee94b574a904c93e/libcst-1.8.1-cp313-cp313t-win_arm64.whl", hash = "sha256:6b7a0abf9abe551cf5f5dd522985780a15c5d7d4bb3a16cefacc1694e8dded76", size = 1974194, upload-time = "2025-06-10T16:48:15.177Z" },
]

[[package]]
name = "packaging"
version = "24.2"
source = { registry = "https://pypi.org/simple" }
sdist = { url = "https://files.pythonhosted.org/packages/d0/63/68dbb6eb2de9cb10ee4c9c14a0148804425e13c4fb20d61cce69f53106da/packaging-24.2.tar.gz", hash = "sha256:c228a6dc5e932d346bc5739379109d49e8853dd8223571c7c5b55260edc0b97f", size = 163950, upload-time = "2024-11-08T09:47:47.202Z" }
wheels = [
    { url = "https://files.pythonhosted.org/packages/88/ef/eb23f262cca3c0c4eb7ab1933c3b1f03d021f2c48f54763065b6f0e321be/packaging-24.2-py3-none-any.whl", hash = "sha256:09abb1bccd265c01f4a3aa3f7a7db064b36514d2cba19a2f694fe6150451a759", size = 65451, upload-time = "2024-11-08T09:47:44.722Z" },
]

[[package]]
name = "pluggy"
version = "1.5.0"
source = { registry = "https://pypi.org/simple" }
sdist = { url = "https://files.pythonhosted.org/packages/96/2d/02d4312c973c6050a18b314a5ad0b3210edb65a906f868e31c111dede4a6/pluggy-1.5.0.tar.gz", hash = "sha256:2cffa88e94fdc978c4c574f15f9e59b7f4201d439195c3715ca9e2486f1d0cf1", size = 67955, upload-time = "2024-04-20T21:34:42.531Z" }
wheels = [
    { url = "https://files.pythonhosted.org/packages/88/5f/e351af9a41f866ac3f1fac4ca0613908d9a41741cfcf2228f4ad853b697d/pluggy-1.5.0-py3-none-any.whl", hash = "sha256:44e1ad92c8ca002de6377e165f3e0f1be63266ab4d554740532335b9d75ea669", size = 20556, upload-time = "2024-04-20T21:34:40.434Z" },
]

[[package]]
name = "pygments"
version = "2.19.1"
source = { registry = "https://pypi.org/simple" }
sdist = { url = "https://files.pythonhosted.org/packages/7c/2d/c3338d48ea6cc0feb8446d8e6937e1408088a72a39937982cc6111d17f84/pygments-2.19.1.tar.gz", hash = "sha256:61c16d2a8576dc0649d9f39e089b5f02bcd27fba10d8fb4dcc28173f7a45151f", size = 4968581, upload-time = "2025-01-06T17:26:30.443Z" }
wheels = [
    { url = "https://files.pythonhosted.org/packages/8a/0b/9fcc47d19c48b59121088dd6da2488a49d5f72dacf8262e2790a1d2c7d15/pygments-2.19.1-py3-none-any.whl", hash = "sha256:9ea1544ad55cecf4b8242fab6dd35a93bbce657034b0611ee383099054ab6d8c", size = 1225293, upload-time = "2025-01-06T17:26:25.553Z" },
]

[[package]]
name = "pytest"
version = "8.4.0"
source = { registry = "https://pypi.org/simple" }
dependencies = [
    { name = "colorama", marker = "sys_platform == 'win32'" },
    { name = "iniconfig" },
    { name = "packaging" },
    { name = "pluggy" },
    { name = "pygments" },
]
sdist = { url = "https://files.pythonhosted.org/packages/fb/aa/405082ce2749be5398045152251ac69c0f3578c7077efc53431303af97ce/pytest-8.4.0.tar.gz", hash = "sha256:14d920b48472ea0dbf68e45b96cd1ffda4705f33307dcc86c676c1b5104838a6", size = 1515232, upload-time = "2025-06-02T17:36:30.03Z" }
wheels = [
    { url = "https://files.pythonhosted.org/packages/2f/de/afa024cbe022b1b318a3d224125aa24939e99b4ff6f22e0ba639a2eaee47/pytest-8.4.0-py3-none-any.whl", hash = "sha256:f40f825768ad76c0977cbacdf1fd37c6f7a468e460ea6a0636078f8972d4517e", size = 363797, upload-time = "2025-06-02T17:36:27.859Z" },
]

[[package]]
name = "pyyaml-ft"
version = "8.0.0"
source = { registry = "https://pypi.org/simple" }
sdist = { url = "https://files.pythonhosted.org/packages/5e/eb/5a0d575de784f9a1f94e2b1288c6886f13f34185e13117ed530f32b6f8a8/pyyaml_ft-8.0.0.tar.gz", hash = "sha256:0c947dce03954c7b5d38869ed4878b2e6ff1d44b08a0d84dc83fdad205ae39ab", size = 141057, upload-time = "2025-06-10T15:32:15.613Z" }
wheels = [
    { url = "https://files.pythonhosted.org/packages/68/ba/a067369fe61a2e57fb38732562927d5bae088c73cb9bb5438736a9555b29/pyyaml_ft-8.0.0-cp313-cp313-macosx_10_13_x86_64.whl", hash = "sha256:8c1306282bc958bfda31237f900eb52c9bedf9b93a11f82e1aab004c9a5657a6", size = 187027, upload-time = "2025-06-10T15:31:48.722Z" },
    { url = "https://files.pythonhosted.org/packages/ad/c5/a3d2020ce5ccfc6aede0d45bcb870298652ac0cf199f67714d250e0cdf39/pyyaml_ft-8.0.0-cp313-cp313-macosx_11_0_arm64.whl", hash = "sha256:30c5f1751625786c19de751e3130fc345ebcba6a86f6bddd6e1285342f4bbb69", size = 176146, upload-time = "2025-06-10T15:31:50.584Z" },
    { url = "https://files.pythonhosted.org/packages/e3/bb/23a9739291086ca0d3189eac7cd92b4d00e9fdc77d722ab610c35f9a82ba/pyyaml_ft-8.0.0-cp313-cp313-manylinux_2_17_aarch64.manylinux2014_aarch64.whl", hash = "sha256:3fa992481155ddda2e303fcc74c79c05eddcdbc907b888d3d9ce3ff3e2adcfb0", size = 746792, upload-time = "2025-06-10T15:31:52.304Z" },
    { url = "https://files.pythonhosted.org/packages/5f/c2/e8825f4ff725b7e560d62a3609e31d735318068e1079539ebfde397ea03e/pyyaml_ft-8.0.0-cp313-cp313-manylinux_2_17_s390x.manylinux2014_s390x.whl", hash = "sha256:cec6c92b4207004b62dfad1f0be321c9f04725e0f271c16247d8b39c3bf3ea42", size = 786772, upload-time = "2025-06-10T15:31:54.712Z" },
    { url = "https://files.pythonhosted.org/packages/35/be/58a4dcae8854f2fdca9b28d9495298fd5571a50d8430b1c3033ec95d2d0e/pyyaml_ft-8.0.0-cp313-cp313-manylinux_2_17_x86_64.manylinux2014_x86_64.whl", hash = "sha256:06237267dbcab70d4c0e9436d8f719f04a51123f0ca2694c00dd4b68c338e40b", size = 778723, upload-time = "2025-06-10T15:31:56.093Z" },
    { url = "https://files.pythonhosted.org/packages/86/ed/fed0da92b5d5d7340a082e3802d84c6dc9d5fa142954404c41a544c1cb92/pyyaml_ft-8.0.0-cp313-cp313-musllinux_1_2_aarch64.whl", hash = "sha256:8a7f332bc565817644cdb38ffe4739e44c3e18c55793f75dddb87630f03fc254", size = 758478, upload-time = "2025-06-10T15:31:58.314Z" },
    { url = "https://files.pythonhosted.org/packages/f0/69/ac02afe286275980ecb2dcdc0156617389b7e0c0a3fcdedf155c67be2b80/pyyaml_ft-8.0.0-cp313-cp313-musllinux_1_2_x86_64.whl", hash = "sha256:7d10175a746be65f6feb86224df5d6bc5c049ebf52b89a88cf1cd78af5a367a8", size = 799159, upload-time = "2025-06-10T15:31:59.675Z" },
    { url = "https://files.pythonhosted.org/packages/4e/ac/c492a9da2e39abdff4c3094ec54acac9747743f36428281fb186a03fab76/pyyaml_ft-8.0.0-cp313-cp313-win_amd64.whl", hash = "sha256:58e1015098cf8d8aec82f360789c16283b88ca670fe4275ef6c48c5e30b22a96", size = 158779, upload-time = "2025-06-10T15:32:01.029Z" },
    { url = "https://files.pythonhosted.org/packages/5d/9b/41998df3298960d7c67653669f37710fa2d568a5fc933ea24a6df60acaf6/pyyaml_ft-8.0.0-cp313-cp313t-macosx_10_13_x86_64.whl", hash = "sha256:e64fa5f3e2ceb790d50602b2fd4ec37abbd760a8c778e46354df647e7c5a4ebb", size = 191331, upload-time = "2025-06-10T15:32:02.602Z" },
    { url = "https://files.pythonhosted.org/packages/0f/16/2710c252ee04cbd74d9562ebba709e5a284faeb8ada88fcda548c9191b47/pyyaml_ft-8.0.0-cp313-cp313t-macosx_11_0_arm64.whl", hash = "sha256:8d445bf6ea16bb93c37b42fdacfb2f94c8e92a79ba9e12768c96ecde867046d1", size = 182879, upload-time = "2025-06-10T15:32:04.466Z" },
    { url = "https://files.pythonhosted.org/packages/9a/40/ae8163519d937fa7bfa457b6f78439cc6831a7c2b170e4f612f7eda71815/pyyaml_ft-8.0.0-cp313-cp313t-manylinux_2_17_aarch64.manylinux2014_aarch64.whl", hash = "sha256:8c56bb46b4fda34cbb92a9446a841da3982cdde6ea13de3fbd80db7eeeab8b49", size = 811277, upload-time = "2025-06-10T15:32:06.214Z" },
    { url = "https://files.pythonhosted.org/packages/f9/66/28d82dbff7f87b96f0eeac79b7d972a96b4980c1e445eb6a857ba91eda00/pyyaml_ft-8.0.0-cp313-cp313t-manylinux_2_17_s390x.manylinux2014_s390x.whl", hash = "sha256:dab0abb46eb1780da486f022dce034b952c8ae40753627b27a626d803926483b", size = 831650, upload-time = "2025-06-10T15:32:08.076Z" },
    { url = "https://files.pythonhosted.org/packages/e8/df/161c4566facac7d75a9e182295c223060373d4116dead9cc53a265de60b9/pyyaml_ft-8.0.0-cp313-cp313t-manylinux_2_17_x86_64.manylinux2014_x86_64.whl", hash = "sha256:bd48d639cab5ca50ad957b6dd632c7dd3ac02a1abe0e8196a3c24a52f5db3f7a", size = 815755, upload-time = "2025-06-10T15:32:09.435Z" },
    { url = "https://files.pythonhosted.org/packages/05/10/f42c48fa5153204f42eaa945e8d1fd7c10d6296841dcb2447bf7da1be5c4/pyyaml_ft-8.0.0-cp313-cp313t-musllinux_1_2_aarch64.whl", hash = "sha256:052561b89d5b2a8e1289f326d060e794c21fa068aa11255fe71d65baf18a632e", size = 810403, upload-time = "2025-06-10T15:32:11.051Z" },
    { url = "https://files.pythonhosted.org/packages/d5/d2/e369064aa51009eb9245399fd8ad2c562bd0bcd392a00be44b2a824ded7c/pyyaml_ft-8.0.0-cp313-cp313t-musllinux_1_2_x86_64.whl", hash = "sha256:3bb4b927929b0cb162fb1605392a321e3333e48ce616cdcfa04a839271373255", size = 835581, upload-time = "2025-06-10T15:32:12.897Z" },
    { url = "https://files.pythonhosted.org/packages/c0/28/26534bed77109632a956977f60d8519049f545abc39215d086e33a61f1f2/pyyaml_ft-8.0.0-cp313-cp313t-win_amd64.whl", hash = "sha256:de04cfe9439565e32f178106c51dd6ca61afaa2907d143835d501d84703d3793", size = 171579, upload-time = "2025-06-10T15:32:14.34Z" },
]
