version = 1
revision = 2
requires-python = "==3.13.3"

[[package]]
name = "backendcare"
version = "0.1.0"
source = { editable = "." }
dependencies = [
    { name = "libcst" },
]

[package.dev-dependencies]
dev = [
    { name = "pytest" },
]

[package.metadata]
requires-dist = [{ name = "libcst", specifier = "==1.8.0" }]

[package.metadata.requires-dev]
dev = [{ name = "pytest", specifier = "==8.3.5" }]

[[package]]
name = "colorama"
version = "0.4.6"
source = { registry = "https://pypi.org/simple" }
sdist = { url = "https://files.pythonhosted.org/packages/d8/53/6f443c9a4a8358a93a6792e2acffb9d9d5cb0a5cfd8802644b7b1c9a02e4/colorama-0.4.6.tar.gz", hash = "sha256:08695f5cb7ed6e0531a20572697297273c47b8cae5a63ffc6d6ed5c201be6e44", size = 27697, upload-time = "2022-10-25T02:36:22.414Z" }
wheels = [
    { url = "https://files.pythonhosted.org/packages/d1/d6/3965ed04c63042e047cb6a3e6ed1a63a35087b6a609aa3a15ed8ac56c221/colorama-0.4.6-py2.py3-none-any.whl", hash = "sha256:4f1d9991f5acc0ca119f9d443620b77f9d6b33703e51011c16baf57afb285fc6", size = 25335, upload-time = "2022-10-25T02:36:20.889Z" },
]

[[package]]
name = "iniconfig"
version = "2.0.0"
source = { registry = "https://pypi.org/simple" }
sdist = { url = "https://files.pythonhosted.org/packages/d7/4b/cbd8e699e64a6f16ca3a8220661b5f83792b3017d0f79807cb8708d33913/iniconfig-2.0.0.tar.gz", hash = "sha256:2d91e135bf72d31a410b17c16da610a82cb55f6b0477d1a902134b24a455b8b3", size = 4646, upload-time = "2023-01-07T11:08:11.254Z" }
wheels = [
    { url = "https://files.pythonhosted.org/packages/ef/a6/62565a6e1cf69e10f5727360368e451d4b7f58beeac6173dc9db836a5b46/iniconfig-2.0.0-py3-none-any.whl", hash = "sha256:b6a85871a79d2e3b22d2d1b94ac2824226a63c6b741c88f7ae975f18b6778374", size = 5892, upload-time = "2023-01-07T11:08:09.864Z" },
]

[[package]]
name = "libcst"
version = "1.8.0"
source = { registry = "https://pypi.org/simple" }
dependencies = [
    { name = "pyyaml-ft" },
]
sdist = { url = "https://files.pythonhosted.org/packages/1a/7f/33559a16f5e98e8643a463ed5b4d09ecb0589da8ac61b1fcb761809ab037/libcst-1.8.0.tar.gz", hash = "sha256:21cd41dd9bc7ee16f81a6ecf9dc6c044cdaf6af670b85b4754204a5a0c9890d8", size = 778687, upload-time = "2025-05-27T14:23:52.354Z" }
wheels = [
    { url = "https://files.pythonhosted.org/packages/e1/28/8a488241fa40306b081b20ca4783000dea3f91a1c4e2b4e4d707ab9839e1/libcst-1.8.0-cp313-cp313-macosx_10_13_x86_64.whl", hash = "sha256:4e01ed9d0fcc20093fb39ee4252e70d6a993d26871319a8edad4183c8feb55eb", size = 2183878, upload-time = "2025-05-27T14:22:46.203Z" },
    { url = "https://files.pythonhosted.org/packages/bd/ef/4c1033df67546f7e6a380fb91d6ab8dfa93fa33ff1ce5c09dd587bbea461/libcst-1.8.0-cp313-cp313-macosx_11_0_arm64.whl", hash = "sha256:f227625f7be41bd08063d758da33dde338e1460bc790e26b0f2d1475b5f78908", size = 2068087, upload-time = "2025-05-27T14:22:47.695Z" },
    { url = "https://files.pythonhosted.org/packages/97/c7/9e3992956a1bc7ba42a5b8a6b3588f1ae72b9bade74d2ea232644646e77e/libcst-1.8.0-cp313-cp313-manylinux_2_28_aarch64.whl", hash = "sha256:d855ecbea9ae3efbf7e9a851918120196c7195471d06150773b9b789d95e8aa6", size = 2218294, upload-time = "2025-05-27T14:22:49.59Z" },
    { url = "https://files.pythonhosted.org/packages/56/b7/ab142dbb5de5d6023527e11997f9c1583351230b96928b3b5cbf7c912655/libcst-1.8.0-cp313-cp313-manylinux_2_28_armv7l.manylinux_2_31_armv7l.whl", hash = "sha256:4555f3a357d6f1f99fa09328eed74c0bd4e9fc3a77456acc8a19f1ed087dd69c", size = 2190312, upload-time = "2025-05-27T14:22:51.111Z" },
    { url = "https://files.pythonhosted.org/packages/1a/5b/efbe2312619a3c240d2515c740aad05a08f8e13f386107d664808e9c0a17/libcst-1.8.0-cp313-cp313-manylinux_2_28_x86_64.whl", hash = "sha256:ddd4477c13b0014793cdb0d0c686c33ffe1d2c704923c65f4d9f575ce4262a4c", size = 2309025, upload-time = "2025-05-27T14:22:52.929Z" },
    { url = "https://files.pythonhosted.org/packages/9a/97/25391720d0e4f38637cd98b1722c0f673f795680d4975a84bf0154fe4b1a/libcst-1.8.0-cp313-cp313-manylinux_2_5_i686.manylinux1_i686.manylinux_2_17_i686.manylinux2014_i686.whl", hash = "sha256:6e512c00274110df3ce724a637e5f41e5fe90341db8cc9ea03cce35df7933010", size = 2400661, upload-time = "2025-05-27T14:22:54.545Z" },
    { url = "https://files.pythonhosted.org/packages/64/a5/efd688fe117b9c997338c542ed6c1ffab433351eb42c0179e43c1f60956c/libcst-1.8.0-cp313-cp313-musllinux_1_2_aarch64.whl", hash = "sha256:05d05612b95d064a08b3ecb8e67c4f8d289f1c12a7e3beb8d7b18f007a7c76eb", size = 2279371, upload-time = "2025-05-27T14:22:56.367Z" },
    { url = "https://files.pythonhosted.org/packages/08/13/0b2572183d5488fe7f892a2db60e9504ebc80af39e22a2ca58f830cc93c0/libcst-1.8.0-cp313-cp313-musllinux_1_2_x86_64.whl", hash = "sha256:bd8328ae3a86fc7001019815dcf84425565e21dd09ecc70bd94f10d287d17034", size = 2386388, upload-time = "2025-05-27T14:22:58.534Z" },
    { url = "https://files.pythonhosted.org/packages/44/ec/8dabe56809cbf60afc3ee832391388c9baf1fcf14f4e4094d4337d12e196/libcst-1.8.0-cp313-cp313-win_amd64.whl", hash = "sha256:7f9b545d607b581f2b3d307f8d5e9524c9e6364535ff4460faefd56395484420", size = 2095604, upload-time = "2025-05-27T14:23:01.075Z" },
    { url = "https://files.pythonhosted.org/packages/11/b5/d5fb9ddf46ceafe6decffb29c9d1bd8f6b8bd4f9b09e263db7e8b113d76a/libcst-1.8.0-cp313-cp313-win_arm64.whl", hash = "sha256:e0654aab4eb61ee04d72cff9da68e5e7f2fa8c870efbc0d48754970572c0facf", size = 1982489, upload-time = "2025-05-27T14:23:02.77Z" },
    { url = "https://files.pythonhosted.org/packages/30/1e/27420a92a564ea198eb16a0fa7130ee688b456f8fed3a2240eac304537c7/libcst-1.8.0-cp313-cp313t-macosx_10_13_x86_64.whl", hash = "sha256:e2fa6fbd7d755e59c58745d997f9805bc11c18e0d6042f6f35498fd5ba90a038", size = 2173926, upload-time = "2025-05-27T14:23:04.88Z" },
    { url = "https://files.pythonhosted.org/packages/b4/b9/792b80b1a85b97976af1863e4e252624af493acaf8da95fe492d6c5e1d6f/libcst-1.8.0-cp313-cp313t-macosx_11_0_arm64.whl", hash = "sha256:9ecd71d54648dee629171272cb264c42eaf5321566747bc264984208abc528a6", size = 2059803, upload-time = "2025-05-27T14:23:07.645Z" },
    { url = "https://files.pythonhosted.org/packages/fb/b6/9c82b49916fa816bdcbf5b3e63f9f65ed318e2ea2cf76f9f05bf563b0017/libcst-1.8.0-cp313-cp313t-manylinux_2_28_aarch64.whl", hash = "sha256:f0cbde11baa9fb91799432066d0444a90439479e960da3078f841e1ac0c51dfe", size = 2206555, upload-time = "2025-05-27T14:23:09.469Z" },
    { url = "https://files.pythonhosted.org/packages/b7/31/39c110eb66d5fd7cc4891cf55192a358a6be8b8f6ac0e2eb709850104456/libcst-1.8.0-cp313-cp313t-manylinux_2_28_armv7l.manylinux_2_31_armv7l.whl", hash = "sha256:edfc5636e015b5ef8f8ed8b9628d15eaaf415d906cd4cc6a5fa63cbfdd38a23c", size = 2177856, upload-time = "2025-05-27T14:23:20.91Z" },
    { url = "https://files.pythonhosted.org/packages/7e/66/560cf088ae5b93aea3e35aa3fb3fb2fbc2d5bf4ef0097220027f31488f95/libcst-1.8.0-cp313-cp313t-manylinux_2_28_x86_64.whl", hash = "sha256:10e494659e510b5428d2102151149636ad7a6b691bbb57ec7cd7e256938746a9", size = 2299368, upload-time = "2025-05-27T14:23:22.44Z" },
    { url = "https://files.pythonhosted.org/packages/e3/4d/7af5aac7ba3ec04faa40c4fcb2eba16f6259123376fac4eb131ab1af880f/libcst-1.8.0-cp313-cp313t-manylinux_2_5_i686.manylinux1_i686.manylinux_2_17_i686.manylinux2014_i686.whl", hash = "sha256:5ae851e0987cc355b8f1dcc9915b4cf8e408dcb6fbb589d47d3db098e67497cd", size = 2376624, upload-time = "2025-05-27T14:23:24.501Z" },
    { url = "https://files.pythonhosted.org/packages/dc/0e/cac4685b0802c2dbd7f88bf100a4b3db92fbdf5bd3f22bc7a7b58139369a/libcst-1.8.0-cp313-cp313t-musllinux_1_2_aarch64.whl", hash = "sha256:459d8c9ceb2b97058f0ec0775050ec2024ee1a178b421510e7fc12e628b5d2d3", size = 2268894, upload-time = "2025-05-27T14:23:26.577Z" },
    { url = "https://files.pythonhosted.org/packages/c0/b2/6efd6b0d9e88768c7c29ac08d91091a36801d29bbd9deecb16f6e6be7971/libcst-1.8.0-cp313-cp313t-musllinux_1_2_x86_64.whl", hash = "sha256:6913649f1129a7d9a53d22ca602bf1f3c3f4d7cb7d99441dafd0f1bc98601b97", size = 2378827, upload-time = "2025-05-27T14:23:28.767Z" },
    { url = "https://files.pythonhosted.org/packages/99/f8/7d61985de5cb8e65a80c740ee2fa30cd582a91fc2bb860a732e5dccc1276/libcst-1.8.0-cp313-cp313t-win_amd64.whl", hash = "sha256:5c36850b3df46eedbd9593db28074ae443888d4f22cb71224276b405a7c99d3a", size = 2084719, upload-time = "2025-05-27T14:23:30.664Z" },
    { url = "https://files.pythonhosted.org/packages/81/d8/fb61859af9a838ffa611ea34a855c7133a3018faf877f4d4555019302d0c/libcst-1.8.0-cp313-cp313t-win_arm64.whl", hash = "sha256:3741c5d07b3438b6db94b395e1855c4c1d6a3ecd7ef35bfe599aadfa098578a3", size = 1971986, upload-time = "2025-05-27T14:23:32.225Z" },
]

[[package]]
name = "packaging"
version = "24.2"
source = { registry = "https://pypi.org/simple" }
sdist = { url = "https://files.pythonhosted.org/packages/d0/63/68dbb6eb2de9cb10ee4c9c14a0148804425e13c4fb20d61cce69f53106da/packaging-24.2.tar.gz", hash = "sha256:c228a6dc5e932d346bc5739379109d49e8853dd8223571c7c5b55260edc0b97f", size = 163950, upload-time = "2024-11-08T09:47:47.202Z" }
wheels = [
    { url = "https://files.pythonhosted.org/packages/88/ef/eb23f262cca3c0c4eb7ab1933c3b1f03d021f2c48f54763065b6f0e321be/packaging-24.2-py3-none-any.whl", hash = "sha256:09abb1bccd265c01f4a3aa3f7a7db064b36514d2cba19a2f694fe6150451a759", size = 65451, upload-time = "2024-11-08T09:47:44.722Z" },
]

[[package]]
name = "pluggy"
version = "1.5.0"
source = { registry = "https://pypi.org/simple" }
sdist = { url = "https://files.pythonhosted.org/packages/96/2d/02d4312c973c6050a18b314a5ad0b3210edb65a906f868e31c111dede4a6/pluggy-1.5.0.tar.gz", hash = "sha256:2cffa88e94fdc978c4c574f15f9e59b7f4201d439195c3715ca9e2486f1d0cf1", size = 67955, upload-time = "2024-04-20T21:34:42.531Z" }
wheels = [
    { url = "https://files.pythonhosted.org/packages/88/5f/e351af9a41f866ac3f1fac4ca0613908d9a41741cfcf2228f4ad853b697d/pluggy-1.5.0-py3-none-any.whl", hash = "sha256:44e1ad92c8ca002de6377e165f3e0f1be63266ab4d554740532335b9d75ea669", size = 20556, upload-time = "2024-04-20T21:34:40.434Z" },
]

[[package]]
name = "pytest"
version = "8.3.5"
source = { registry = "https://pypi.org/simple" }
dependencies = [
    { name = "colorama", marker = "sys_platform == 'win32'" },
    { name = "iniconfig" },
    { name = "packaging" },
    { name = "pluggy" },
]
sdist = { url = "https://files.pythonhosted.org/packages/ae/3c/c9d525a414d506893f0cd8a8d0de7706446213181570cdbd766691164e40/pytest-8.3.5.tar.gz", hash = "sha256:f4efe70cc14e511565ac476b57c279e12a855b11f48f212af1080ef2263d3845", size = 1450891, upload-time = "2025-03-02T12:54:54.503Z" }
wheels = [
    { url = "https://files.pythonhosted.org/packages/30/3d/64ad57c803f1fa1e963a7946b6e0fea4a70df53c1a7fed304586539c2bac/pytest-8.3.5-py3-none-any.whl", hash = "sha256:c69214aa47deac29fad6c2a4f590b9c4a9fdb16a403176fe154b79c0b4d4d820", size = 343634, upload-time = "2025-03-02T12:54:52.069Z" },
]

[[package]]
name = "pyyaml-ft"
version = "7.0.1"
source = { registry = "https://pypi.org/simple" }
sdist = { url = "https://files.pythonhosted.org/packages/ae/ff/976df0c1aa731d1dc1a9d6109a198acd2d8f4a115703fc39e956ad983d00/pyyaml_ft-7.0.1.tar.gz", hash = "sha256:3dc548f723e71ed2c1ba3df02e7c0ff4fd32c33bacd70e4c4b69e1bd3469f370", size = 140935, upload-time = "2025-04-28T19:02:57.668Z" }
wheels = [
    { url = "https://files.pythonhosted.org/packages/c9/cf/efa561b4a6de0220b130c35ce79537d09d640ae2a5104fe8aa7c2ec9a722/pyyaml_ft-7.0.1-cp313-cp313-macosx_10_13_x86_64.whl", hash = "sha256:cbb337bf1acc25b97b93a79416ab32a9176f005c7f98e94f656305ded03a99c8", size = 186437, upload-time = "2025-04-28T19:02:31.291Z" },
    { url = "https://files.pythonhosted.org/packages/24/15/ef019f66d3346c59dd43f5555e001f7c3d2302ef0100e2d2b40a401ab944/pyyaml_ft-7.0.1-cp313-cp313-macosx_11_0_arm64.whl", hash = "sha256:ab77b32f9e120d4c0a3a4142ce4c029ed18c58db18a9b7cddf9e96107006772e", size = 176822, upload-time = "2025-04-28T19:02:33.28Z" },
    { url = "https://files.pythonhosted.org/packages/22/cf/af4e85035a880b8e9531cf5aa2967ebca995daff6ee9f3dd954a32a37662/pyyaml_ft-7.0.1-cp313-cp313-manylinux_2_17_aarch64.manylinux2014_aarch64.whl", hash = "sha256:2c2dbab63a10f2818969f814783545257c8887714ac0b74070988f147106e01b", size = 738490, upload-time = "2025-04-28T19:02:35.055Z" },
    { url = "https://files.pythonhosted.org/packages/26/f8/8fc4d88cee908975a227dfeb14abd5d5a5798a8f44c347ee144186a782cd/pyyaml_ft-7.0.1-cp313-cp313-manylinux_2_17_s390x.manylinux2014_s390x.whl", hash = "sha256:ceb3de99bf5dd82504715752e4b1933bf5c0545b0dfc4d9edf846335ad14c96b", size = 768352, upload-time = "2025-04-28T19:02:36.326Z" },
    { url = "https://files.pythonhosted.org/packages/3e/f8/141b71063eb66c1f3343063e9afc5082013746ef971ed773a9b51687f97a/pyyaml_ft-7.0.1-cp313-cp313-manylinux_2_17_x86_64.manylinux2014_x86_64.whl", hash = "sha256:cfa5770752ed40ae98ab8cda33223cad20a6f94907fdf14412f74f0c2e723ece", size = 764531, upload-time = "2025-04-28T19:02:38.107Z" },
    { url = "https://files.pythonhosted.org/packages/2b/5f/3ff1ec0424389310d45a6234768df48752d12de8e20b51d02172219f05eb/pyyaml_ft-7.0.1-cp313-cp313-musllinux_1_1_aarch64.whl", hash = "sha256:38bcfa5cd79f83c776d09403dd21da25dde3d406297def4aa817a149f2a2a337", size = 731638, upload-time = "2025-04-28T19:02:39.411Z" },
    { url = "https://files.pythonhosted.org/packages/9e/d6/752b1487933646cde6c6b1d28c18aab4838f950d2fae9635563b6fc45cf6/pyyaml_ft-7.0.1-cp313-cp313-musllinux_1_1_x86_64.whl", hash = "sha256:5398e4c9b5fa840323f328636fb49680a95d6aac7825943b2f7f85df28ddfffa", size = 756586, upload-time = "2025-04-28T19:02:40.961Z" },
    { url = "https://files.pythonhosted.org/packages/d7/91/c36a59ea7295709dd372c7dec0be8adc6d5a5f26f73bc223f6184847eb57/pyyaml_ft-7.0.1-cp313-cp313-win_amd64.whl", hash = "sha256:5418bc61c2eca297af0e38f88a432e483c9e9553751a26fb1921f90fe96fa11a", size = 161542, upload-time = "2025-04-28T19:02:42.812Z" },
    { url = "https://files.pythonhosted.org/packages/f1/f8/db600151de1376c08ed6b8e65195d714046c1423b0359bef2382664056cf/pyyaml_ft-7.0.1-cp313-cp313t-macosx_10_13_x86_64.whl", hash = "sha256:772b45e2620e4299fc91d3bb24692bad81db8de4ed60e8de45603802b6378c47", size = 190714, upload-time = "2025-04-28T19:02:44.519Z" },
    { url = "https://files.pythonhosted.org/packages/c6/b8/a1f5522b17bbbb1eca26d931921dec417aba763f8608f7a5e565c06632a1/pyyaml_ft-7.0.1-cp313-cp313t-macosx_11_0_arm64.whl", hash = "sha256:3b1198045c1d7c37e7e98a93c7c85628e4902a232ae9bf1c33c1888e576a4153", size = 182172, upload-time = "2025-04-28T19:02:45.762Z" },
    { url = "https://files.pythonhosted.org/packages/f6/d6/243c599a3bf4cd3c37c1e73f9a95b9dba852a7b226ca2d5e36149105255c/pyyaml_ft-7.0.1-cp313-cp313t-manylinux_2_17_aarch64.manylinux2014_aarch64.whl", hash = "sha256:e8384600ce21dde15ab1f9784f44c2eaedc4f08f4233043cf71ff9a3054f46b5", size = 810771, upload-time = "2025-04-28T19:02:47.471Z" },
    { url = "https://files.pythonhosted.org/packages/ee/17/bef7c483feb8773662089f49b37b65e47a353e16faa983e6dcfaddba547f/pyyaml_ft-7.0.1-cp313-cp313t-manylinux_2_17_s390x.manylinux2014_s390x.whl", hash = "sha256:c1d06682a70564e596b4f3f83fc651de1681b1091ea529cea45b6b6f4f1f45ad", size = 830006, upload-time = "2025-04-28T19:02:48.868Z" },
    { url = "https://files.pythonhosted.org/packages/94/ed/cd8c9478f5a98c39db8a338a2348e134d83c9dbf67602e0d525951d92cf9/pyyaml_ft-7.0.1-cp313-cp313t-manylinux_2_17_x86_64.manylinux2014_x86_64.whl", hash = "sha256:1246c7d3999b606ce920348fc1c13f3928f94a958be9e14834cdc07525382b97", size = 813504, upload-time = "2025-04-28T19:02:50.638Z" },
    { url = "https://files.pythonhosted.org/packages/61/da/4ec865f6ff48175b29f05bd081d5e6bc73cb0118d15b373eefd4520e5dc8/pyyaml_ft-7.0.1-cp313-cp313t-musllinux_1_1_aarch64.whl", hash = "sha256:90b7fac2398bdbb1aca8527734a1df549579e6ec6442f73ff4ddd3c41da76cb4", size = 799978, upload-time = "2025-04-28T19:02:52.116Z" },
    { url = "https://files.pythonhosted.org/packages/e3/66/1615add298dfc4016ab1fa7438882be1f3f344508fcc2c1e43bbcf5e96e1/pyyaml_ft-7.0.1-cp313-cp313t-musllinux_1_1_x86_64.whl", hash = "sha256:0f7884aa20dfaa7b8da2239a1e798009ad115ad77aa51ec66f10e56becf4ef09", size = 805188, upload-time = "2025-04-28T19:02:54.095Z" },
    { url = "https://files.pythonhosted.org/packages/a7/2c/479945d7faacf1f74838e0861a89d002540b99dbb63ea74e2d945106ec5f/pyyaml_ft-7.0.1-cp313-cp313t-win_amd64.whl", hash = "sha256:4d42a8f3b67bdadb347b1b64ff06a6941ca9d2d2db4e52f9096d97d742f6c159", size = 171220, upload-time = "2025-04-28T19:02:56.38Z" },
]
